
Microsoft Visual Studio Solution File, Format Version 12.00
# Visual Studio Version 17
VisualStudioVersion = 17.6.33801.468
MinimumVisualStudioVersion = 10.0.40219.1
Project("{FAE04EC0-301F-11D3-BF4B-00C04F79EFBC}") = "AttendanceControlSystem", "AttendanceControlSystem\AttendanceControlSystem.csproj", "{75CF9664-5296-4552-BA3F-9461E43D5FAC}"
EndProject
Global
	GlobalSection(SolutionConfigurationPlatforms) = preSolution
		Debug|Any CPU = Debug|Any CPU
		Release|Any CPU = Release|Any CPU
	EndGlobalSection
	GlobalSection(ProjectConfigurationPlatforms) = postSolution
		{75CF9664-5296-4552-BA3F-9461E43D5FAC}.Debug|Any CPU.ActiveCfg = Debug|Any CPU
		{75CF9664-5296-4552-BA3F-9461E43D5FAC}.Debug|Any CPU.Build.0 = Debug|Any CPU
		{75CF9664-5296-4552-BA3F-9461E43D5FAC}.Release|Any CPU.ActiveCfg = Release|Any CPU
		{75CF9664-5296-4552-BA3F-9461E43D5FAC}.Release|Any CPU.Build.0 = Release|Any CPU
	EndGlobalSection
	GlobalSection(SolutionProperties) = preSolution
		HideSolutionNode = FALSE
	EndGlobalSection
	GlobalSection(ExtensibilityGlobals) = postSolution
		SolutionGuid = {0C8C43DC-B840-4400-A353-0DF5A312BCE7}
	EndGlobalSection
EndGlobal
